
Microsoft Visual Studio Solution File, Format Version 12.00
# Visual Studio Version 16
VisualStudioVersion = 16.0.30104.148
MinimumVisualStudioVersion = 10.0.40219.1
Project("{FAE04EC0-301F-11D3-BF4B-00C04F79EFBC}") = "EduSohoTest", "EduSohoTest.csproj", "{A71A5CFD-151C-4224-BD24-8B8DD1B56544}"
EndProject
Global
	GlobalSection(SolutionConfigurationPlatforms) = preSolution
		Debug|Any CPU = Debug|Any CPU
		Release|Any CPU = Release|Any CPU
	EndGlobalSection
	GlobalSection(ProjectConfigurationPlatforms) = postSolution
		{A71A5CFD-151C-4224-BD24-8B8DD1B56544}.Debug|Any CPU.ActiveCfg = Debug|Any CPU
		{A71A5CFD-151C-4224-BD24-8B8DD1B56544}.Debug|Any CPU.Build.0 = Debug|Any CPU
		{A71A5CFD-151C-4224-BD24-8B8DD1B56544}.Release|Any CPU.ActiveCfg = Release|Any CPU
		{A71A5CFD-151C-4224-BD24-8B8DD1B56544}.Release|Any CPU.Build.0 = Release|Any CPU
	EndGlobalSection
	GlobalSection(SolutionProperties) = preSolution
		HideSolutionNode = FALSE
	EndGlobalSection
	GlobalSection(ExtensibilityGlobals) = postSolution
		SolutionGuid = {1DC75287-F500-42C3-8C51-4DCD95FA1ABE}
	EndGlobalSection
EndGlobal
